<?xml version="1.0" encoding="utf-8"?>
<Project ToolsVersion="4.0" xmlns="http://schemas.microsoft.com/developer/msbuild/2003">
  <ItemGroup>
    <Filter Include="Source Files">
      <UniqueIdentifier>{4FC737F1-C7A5-4376-A066-2A32D752A2FF}</UniqueIdentifier>
      <Extensions>cpp;c;cc;cxx;c++;cppm;ixx;def;odl;idl;hpj;bat;asm;asmx</Extensions>
    </Filter>
    <Filter Include="Header Files">
      <UniqueIdentifier>{93995380-89BD-4b04-88EB-625FBE52EBFB}</UniqueIdentifier>
      <Extensions>h;hh;hpp;hxx;h++;hm;inl;inc;ipp;xsd</Extensions>
    </Filter>
    <Filter Include="Resource Files">
      <UniqueIdentifier>{67DA6AB6-F800-4c08-8B7A-83BB121AAD01}</UniqueIdentifier>
      <Extensions>rc;ico;cur;bmp;dlg;rc2;rct;bin;rgs;gif;jpg;jpeg;jpe;resx;tiff;tif;png;wav;mfcribbon-ms</Extensions>
    </Filter>
    <Filter Include="Assets">
      <UniqueIdentifier>{17ce1ca9-3164-4bd1-a82d-83686949f392}</UniqueIdentifier>
    </Filter>
    <Filter Include="Libraries">
      <UniqueIdentifier>{daf73275-53c9-4cf8-b6b4-3d1dc3d05c8e}</UniqueIdentifier>
    </Filter>
    <Filter Include="Source Files\Map">
      <UniqueIdentifier>{54db0a88-d224-4f8e-ab58-44ff0d52d554}</UniqueIdentifier>
    </Filter>
    <Filter Include="Header Files\Map">
      <UniqueIdentifier>{acc68ffe-1844-4f6d-98d0-ea8b5fbb58fa}</UniqueIdentifier>
    </Filter>
    <Filter Include="Header Files\GameObjects">
      <UniqueIdentifier>{8275008b-8be2-4347-bb0e-95f85e7646f9}</UniqueIdentifier>
    </Filter>
    <Filter Include="Source Files\GameObjects">
      <UniqueIdentifier>{2e90761d-8cc4-4453-a7ca-88657ef2c9b5}</UniqueIdentifier>
    </Filter>
    <Filter Include="Assets\Spritesheets">
      <UniqueIdentifier>{99056150-58d9-447c-a770-84aca5d837cf}</UniqueIdentifier>
    </Filter>
    <Filter Include="Assets\Maps">
      <UniqueIdentifier>{582b8caf-d62f-4089-9fc9-8693f8a176ae}</UniqueIdentifier>
    </Filter>
    <Filter Include="Header Files\AssetLoader">
      <UniqueIdentifier>{04a8653e-40e7-4241-bd3e-c27607eb7127}</UniqueIdentifier>
    </Filter>
    <Filter Include="Source Files\AssetLoader">
      <UniqueIdentifier>{7d661936-536c-4ef9-929f-985844388ae0}</UniqueIdentifier>
    </Filter>
    <Filter Include="Header Files\Enums">
      <UniqueIdentifier>{b8f4ea71-0456-429e-874e-ddc10c67a7a3}</UniqueIdentifier>
    </Filter>
    <Filter Include="Header Files\Structs">
      <UniqueIdentifier>{8f11eb22-2ee1-4604-8354-694f55ed12ef}</UniqueIdentifier>
    </Filter>
    <Filter Include="Header Files\Helpers">
      <UniqueIdentifier>{9b222bf8-ca54-461d-8413-cf5a44dc0488}</UniqueIdentifier>
    </Filter>
    <Filter Include="Source Files\Helpers">
      <UniqueIdentifier>{1f9392ae-b39b-410e-a703-aa8e863b5b20}</UniqueIdentifier>
    </Filter>
    <Filter Include="Source Files\Structs">
      <UniqueIdentifier>{459b6b93-e50c-4b04-8605-b11863ed86a8}</UniqueIdentifier>
    </Filter>
  </ItemGroup>
  <ItemGroup>
    <ClCompile Include="Main.cpp">
      <Filter>Source Files</Filter>
    </ClCompile>
    <ClCompile Include="GameObject.cpp">
      <Filter>Source Files\GameObjects</Filter>
    </ClCompile>
    <ClCompile Include="Unit.cpp">
      <Filter>Source Files\GameObjects</Filter>
    </ClCompile>
    <ClCompile Include="Map.cpp">
      <Filter>Source Files\Map</Filter>
    </ClCompile>
    <ClCompile Include="Game.cpp">
      <Filter>Source Files</Filter>
    </ClCompile>
    <ClCompile Include="Tile.cpp">
      <Filter>Source Files\Map</Filter>
    </ClCompile>
    <ClCompile Include="AssetLoader.cpp">
      <Filter>Source Files\AssetLoader</Filter>
    </ClCompile>
    <ClCompile Include="PacMan.cpp">
      <Filter>Source Files\GameObjects</Filter>
    </ClCompile>
    <ClCompile Include="Ghost.cpp">
      <Filter>Source Files\GameObjects</Filter>
    </ClCompile>
    <ClCompile Include="Utilities.cpp">
      <Filter>Source Files\Helpers</Filter>
    </ClCompile>
    <ClCompile Include="Vector2F.cpp">
      <Filter>Source Files\Structs</Filter>
    </ClCompile>
    <ClCompile Include="Item.cpp">
      <Filter>Source Files\GameObjects</Filter>
    </ClCompile>
    <ClCompile Include="Timer.cpp">
      <Filter>Source Files\Helpers</Filter>
    </ClCompile>
    <ClCompile Include="Vector2.cpp">
      <Filter>Source Files\Structs</Filter>
    </ClCompile>
  </ItemGroup>
  <ItemGroup>
    <ClInclude Include="Game.h">
      <Filter>Header Files</Filter>
    </ClInclude>
    <ClInclude Include="GameObject.h">
      <Filter>Header Files\GameObjects</Filter>
    </ClInclude>
    <ClInclude Include="Unit.h">
      <Filter>Header Files\GameObjects</Filter>
    </ClInclude>
    <ClInclude Include="PacMan.h">
      <Filter>Header Files\GameObjects</Filter>
    </ClInclude>
    <ClInclude Include="Tile.h">
      <Filter>Header Files\Map</Filter>
    </ClInclude>
    <ClInclude Include="Map.h">
      <Filter>Header Files\Map</Filter>
    </ClInclude>
    <ClInclude Include="AssetLoader.h">
      <Filter>Header Files\AssetLoader</Filter>
    </ClInclude>
    <ClInclude Include="Ghost.h">
      <Filter>Header Files\GameObjects</Filter>
    </ClInclude>
    <ClInclude Include="GhostType.h">
      <Filter>Header Files\Enums</Filter>
    </ClInclude>
    <ClInclude Include="TileType.h">
      <Filter>Header Files\Enums</Filter>
    </ClInclude>
    <ClInclude Include="Orientation.h">
      <Filter>Header Files\Enums</Filter>
    </ClInclude>
    <ClInclude Include="Direction.h">
      <Filter>Header Files\Enums</Filter>
    </ClInclude>
    <ClInclude Include="Vector2F.h">
      <Filter>Header Files\Structs</Filter>
    </ClInclude>
    <ClInclude Include="Utilities.h">
      <Filter>Header Files\Helpers</Filter>
    </ClInclude>
    <ClInclude Include="Item.h">
      <Filter>Header Files\GameObjects</Filter>
    </ClInclude>
    <ClInclude Include="ItemType.h">
      <Filter>Header Files\Enums</Filter>
    </ClInclude>
    <ClInclude Include="Timer.h">
      <Filter>Header Files\Helpers</Filter>
    </ClInclude>
    <ClInclude Include="GhostMode.h">
      <Filter>Header Files\Enums</Filter>
    </ClInclude>
    <ClInclude Include="resource.h">
      <Filter>Header Files</Filter>
    </ClInclude>
    <ClInclude Include="Vector2.h">
      <Filter>Header Files\Structs</Filter>
    </ClInclude>
  </ItemGroup>
  <ItemGroup>
    <Text Include="Assets\level0.txt">
      <Filter>Assets\Maps</Filter>
    </Text>
    <Text Include="Assets\Maps\level1.txt">
      <Filter>Assets\Maps</Filter>
    </Text>
  </ItemGroup>
  <ItemGroup>
    <Image Include="Assets\Spritesheets\pac-man-ghosts-sprites.png">
      <Filter>Assets\Spritesheets</Filter>
    </Image>
    <Image Include="Assets\Spritesheets\pac-man-tiles-sprites.png">
      <Filter>Assets\Spritesheets</Filter>
    </Image>
    <Image Include="Assets\Spritesheets\pac-man-letters-sprites.png">
      <Filter>Assets\Spritesheets</Filter>
    </Image>
    <Image Include="Assets\pac-man-icon.ico">
      <Filter>Resource Files</Filter>
    </Image>
  </ItemGroup>
  <ItemGroup>
    <ResourceCompile Include="Pac-Man-DeLuxe.rc">
      <Filter>Resource Files</Filter>
    </ResourceCompile>
  </ItemGroup>
</Project>